// !$*UTF8*$!
{
	archiveVersion = 1;
	classes = {
	};
	objectVersion = 55;
	objects = {

/* Begin PBXBuildFile section */
		B980CA2F27879B78001A3741 /* AppDelegate.swift in Sources */ = {isa = PBXBuildFile; fileRef = B980CA2E27879B78001A3741 /* AppDelegate.swift */; };
		B980CA3127879B78001A3741 /* SceneDelegate.swift in Sources */ = {isa = PBXBuildFile; fileRef = B980CA3027879B78001A3741 /* SceneDelegate.swift */; };
		B980CA3327879B78001A3741 /* ViewController.swift in Sources */ = {isa = PBXBuildFile; fileRef = B980CA3227879B78001A3741 /* ViewController.swift */; };
		B980CA3627879B78001A3741 /* ViewController.storyboard in Resources */ = {isa = PBXBuildFile; fileRef = B980CA3427879B78001A3741 /* ViewController.storyboard */; };
		B980CA3827879B7A001A3741 /* Assets.xcassets in Resources */ = {isa = PBXBuildFile; fileRef = B980CA3727879B7A001A3741 /* Assets.xcassets */; };
		B980CA3B27879B7A001A3741 /* LaunchScreen.storyboard in Resources */ = {isa = PBXBuildFile; fileRef = B980CA3927879B7A001A3741 /* LaunchScreen.storyboard */; };
		B980CA4627879B7B001A3741 /* mvvm_tableviewTests.swift in Sources */ = {isa = PBXBuildFile; fileRef = B980CA4527879B7B001A3741 /* mvvm_tableviewTests.swift */; };
		B980CA5F27879B94001A3741 /* ViewModel.swift in Sources */ = {isa = PBXBuildFile; fileRef = B980CA5E27879B94001A3741 /* ViewModel.swift */; };
		B980CA6127879BAD001A3741 /* Model.swift in Sources */ = {isa = PBXBuildFile; fileRef = B980CA6027879BAD001A3741 /* Model.swift */; };
/* End PBXBuildFile section */

/* Begin PBXContainerItemProxy section */
		B980CA4227879B7B001A3741 /* PBXContainerItemProxy */ = {
			isa = PBXContainerItemProxy;
			containerPortal = B980CA2327879B78001A3741 /* Project object */;
			proxyType = 1;
			remoteGlobalIDString = B980CA2A27879B78001A3741;
			remoteInfo = mvvm_tableview;
		};
/* End PBXContainerItemProxy section */

/* Begin PBXFileReference section */
		B980CA2B27879B78001A3741 /* mvvm_tableview.app */ = {isa = PBXFileReference; explicitFileType = wrapper.application; includeInIndex = 0; path = mvvm_tableview.app; sourceTree = BUILT_PRODUCTS_DIR; };
		B980CA2E27879B78001A3741 /* AppDelegate.swift */ = {isa = PBXFileReference; lastKnownFileType = sourcecode.swift; path = AppDelegate.swift; sourceTree = "<group>"; };
		B980CA3027879B78001A3741 /* SceneDelegate.swift */ = {isa = PBXFileReference; lastKnownFileType = sourcecode.swift; path = SceneDelegate.swift; sourceTree = "<group>"; };
		B980CA3227879B78001A3741 /* ViewController.swift */ = {isa = PBXFileReference; lastKnownFileType = sourcecode.swift; path = ViewController.swift; sourceTree = "<group>"; };
		B980CA3527879B78001A3741 /* Base */ = {isa = PBXFileReference; lastKnownFileType = file.storyboard; name = Base; path = Base.lproj/ViewController.storyboard; sourceTree = "<group>"; };
		B980CA3727879B7A001A3741 /* Assets.xcassets */ = {isa = PBXFileReference; lastKnownFileType = folder.assetcatalog; path = Assets.xcassets; sourceTree = "<group>"; };
		B980CA3A27879B7A001A3741 /* Base */ = {isa = PBXFileReference; lastKnownFileType = file.storyboard; name = Base; path = Base.lproj/LaunchScreen.storyboard; sourceTree = "<group>"; };
		B980CA3C27879B7A001A3741 /* Info.plist */ = {isa = PBXFileReference; lastKnownFileType = text.plist.xml; path = Info.plist; sourceTree = "<group>"; };
		B980CA4127879B7B001A3741 /* mvvm_tableviewTests.xctest */ = {isa = PBXFileReference; explicitFileType = wrapper.cfbundle; includeInIndex = 0; path = mvvm_tableviewTests.xctest; sourceTree = BUILT_PRODUCTS_DIR; };
		B980CA4527879B7B001A3741 /* mvvm_tableviewTests.swift */ = {isa = PBXFileReference; lastKnownFileType = sourcecode.swift; path = mvvm_tableviewTests.swift; sourceTree = "<group>"; };
		B980CA5E27879B94001A3741 /* ViewModel.swift */ = {isa = PBXFileReference; lastKnownFileType = sourcecode.swift; path = ViewModel.swift; sourceTree = "<group>"; };
		B980CA6027879BAD001A3741 /* Model.swift */ = {isa = PBXFileReference; lastKnownFileType = sourcecode.swift; path = Model.swift; sourceTree = "<group>"; };
/* End PBXFileReference section */

/* Begin PBXFrameworksBuildPhase section */
		B980CA2827879B78001A3741 /* Frameworks */ = {
			isa = PBXFrameworksBuildPhase;
			buildActionMask = 2147483647;
			files = (
			);
			runOnlyForDeploymentPostprocessing = 0;
		};
		B980CA3E27879B7B001A3741 /* Frameworks */ = {
			isa = PBXFrameworksBuildPhase;
			buildActionMask = 2147483647;
			files = (
			);
			runOnlyForDeploymentPostprocessing = 0;
		};
/* End PBXFrameworksBuildPhase section */

/* Begin PBXGroup section */
		B980CA2227879B78001A3741 = {
			isa = PBXGroup;
			children = (
				B980CA2D27879B78001A3741 /* mvvm_tableview */,
				B980CA4427879B7B001A3741 /* mvvm_tableviewTests */,
				B980CA2C27879B78001A3741 /* Products */,
			);
			sourceTree = "<group>";
		};
		B980CA2C27879B78001A3741 /* Products */ = {
			isa = PBXGroup;
			children = (
				B980CA2B27879B78001A3741 /* mvvm_tableview.app */,
				B980CA4127879B7B001A3741 /* mvvm_tableviewTests.xctest */,
			);
			name = Products;
			sourceTree = "<group>";
		};
		B980CA2D27879B78001A3741 /* mvvm_tableview */ = {
			isa = PBXGroup;
			children = (
				B980CA6527879BD3001A3741 /* App */,
				B980CA6427879BCE001A3741 /* Models */,
				B980CA6327879BC6001A3741 /* ViewModels */,
				B980CA6227879BBE001A3741 /* View */,
				B980CA6627879BE5001A3741 /* Resources */,
			);
			path = mvvm_tableview;
			sourceTree = "<group>";
		};
		B980CA4427879B7B001A3741 /* mvvm_tableviewTests */ = {
			isa = PBXGroup;
			children = (
				B980CA4527879B7B001A3741 /* mvvm_tableviewTests.swift */,
			);
			path = mvvm_tableviewTests;
			sourceTree = "<group>";
		};
		B980CA6227879BBE001A3741 /* View */ = {
			isa = PBXGroup;
			children = (
				B980CA3227879B78001A3741 /* ViewController.swift */,
				B980CA3427879B78001A3741 /* ViewController.storyboard */,
				B980CA3927879B7A001A3741 /* LaunchScreen.storyboard */,
			);
			path = View;
			sourceTree = "<group>";
		};
		B980CA6327879BC6001A3741 /* ViewModels */ = {
			isa = PBXGroup;
			children = (
				B980CA5E27879B94001A3741 /* ViewModel.swift */,
			);
			path = ViewModels;
			sourceTree = "<group>";
		};
		B980CA6427879BCE001A3741 /* Models */ = {
			isa = PBXGroup;
			children = (
				B980CA6027879BAD001A3741 /* Model.swift */,
			);
			path = Models;
			sourceTree = "<group>";
		};
		B980CA6527879BD3001A3741 /* App */ = {
			isa = PBXGroup;
			children = (
				B980CA2E27879B78001A3741 /* AppDelegate.swift */,
				B980CA3027879B78001A3741 /* SceneDelegate.swift */,
			);
			path = App;
			sourceTree = "<group>";
		};
		B980CA6627879BE5001A3741 /* Resources */ = {
			isa = PBXGroup;
			children = (
				B980CA3727879B7A001A3741 /* Assets.xcassets */,
				B980CA3C27879B7A001A3741 /* Info.plist */,
			);
			path = Resources;
			sourceTree = "<group>";
		};
/* End PBXGroup section */

/* Begin PBXNativeTarget section */
		B980CA2A27879B78001A3741 /* mvvm_tableview */ = {
			isa = PBXNativeTarget;
			buildConfigurationList = B980CA5527879B7B001A3741 /* Build configuration list for PBXNativeTarget "mvvm_tableview" */;
			buildPhases = (
				B980CA2727879B78001A3741 /* Sources */,
				B980CA2827879B78001A3741 /* Frameworks */,
				B980CA2927879B78001A3741 /* Resources */,
			);
			buildRules = (
			);
			dependencies = (
			);
			name = mvvm_tableview;
			productName = mvvm_tableview;
			productReference = B980CA2B27879B78001A3741 /* mvvm_tableview.app */;
			productType = "com.apple.product-type.application";
		};
		B980CA4027879B7B001A3741 /* mvvm_tableviewTests */ = {
			isa = PBXNativeTarget;
			buildConfigurationList = B980CA5827879B7B001A3741 /* Build configuration list for PBXNativeTarget "mvvm_tableviewTests" */;
			buildPhases = (
				B980CA3D27879B7B001A3741 /* Sources */,
				B980CA3E27879B7B001A3741 /* Frameworks */,
				B980CA3F27879B7B001A3741 /* Resources */,
			);
			buildRules = (
			);
			dependencies = (
				B980CA4327879B7B001A3741 /* PBXTargetDependency */,
			);
			name = mvvm_tableviewTests;
			productName = mvvm_tableviewTests;
			productReference = B980CA4127879B7B001A3741 /* mvvm_tableviewTests.xctest */;
			productType = "com.apple.product-type.bundle.unit-test";
		};
/* End PBXNativeTarget section */

/* Begin PBXProject section */
		B980CA2327879B78001A3741 /* Project object */ = {
			isa = PBXProject;
			attributes = {
				BuildIndependentTargetsInParallel = 1;
				LastSwiftUpdateCheck = 1310;
				LastUpgradeCheck = 1310;
				TargetAttributes = {
					B980CA2A27879B78001A3741 = {
						CreatedOnToolsVersion = 13.1;
					};
					B980CA4027879B7B001A3741 = {
						CreatedOnToolsVersion = 13.1;
						TestTargetID = B980CA2A27879B78001A3741;
					};
				};
			};
			buildConfigurationList = B980CA2627879B78001A3741 /* Build configuration list for PBXProject "mvvm_tableview" */;
			compatibilityVersion = "Xcode 13.0";
			developmentRegion = en;
			hasScannedForEncodings = 0;
			knownRegions = (
				en,
				Base,
			);
			mainGroup = B980CA2227879B78001A3741;
			productRefGroup = B980CA2C27879B78001A3741 /* Products */;
			projectDirPath = "";
			projectRoot = "";
			targets = (
				B980CA2A27879B78001A3741 /* mvvm_tableview */,
				B980CA4027879B7B001A3741 /* mvvm_tableviewTests */,
			);
		};
/* End PBXProject section */

/* Begin PBXResourcesBuildPhase section */
		B980CA2927879B78001A3741 /* Resources */ = {
			isa = PBXResourcesBuildPhase;
			buildActionMask = 2147483647;
			files = (
				B980CA3B27879B7A001A3741 /* LaunchScreen.storyboard in Resources */,
				B980CA3827879B7A001A3741 /* Assets.xcassets in Resources */,
				B980CA3627879B78001A3741 /* ViewController.storyboard in Resources */,
			);
			runOnlyForDeploymentPostprocessing = 0;
		};
		B980CA3F27879B7B001A3741 /* Resources */ = {
			isa = PBXResourcesBuildPhase;
			buildActionMask = 2147483647;
			files = (
			);
			runOnlyForDeploymentPostprocessing = 0;
		};
/* End PBXResourcesBuildPhase section */

/* Begin PBXSourcesBuildPhase section */
		B980CA2727879B78001A3741 /* Sources */ = {
			isa = PBXSourcesBuildPhase;
			buildActionMask = 2147483647;
			files = (
				B980CA6127879BAD001A3741 /* Model.swift in Sources */,
				B980CA3327879B78001A3741 /* ViewController.swift in Sources */,
				B980CA2F27879B78001A3741 /* AppDelegate.swift in Sources */,
				B980CA5F27879B94001A3741 /* ViewModel.swift in Sources */,
				B980CA3127879B78001A3741 /* SceneDelegate.swift in Sources */,
			);
			runOnlyForDeploymentPostprocessing = 0;
		};
		B980CA3D27879B7B001A3741 /* Sources */ = {
			isa = PBXSourcesBuildPhase;
			buildActionMask = 2147483647;
			files = (
				B980CA4627879B7B001A3741 /* mvvm_tableviewTests.swift in Sources */,
			);
			runOnlyForDeploymentPostprocessing = 0;
		};
/* End PBXSourcesBuildPhase section */

/* Begin PBXTargetDependency section */
		B980CA4327879B7B001A3741 /* PBXTargetDependency */ = {
			isa = PBXTargetDependency;
			target = B980CA2A27879B78001A3741 /* mvvm_tableview */;
			targetProxy = B980CA4227879B7B001A3741 /* PBXContainerItemProxy */;
		};
/* End PBXTargetDependency section */

/* Begin PBXVariantGroup section */
		B980CA3427879B78001A3741 /* ViewController.storyboard */ = {
			isa = PBXVariantGroup;
			children = (
				B980CA3527879B78001A3741 /* Base */,
			);
			name = ViewController.storyboard;
			sourceTree = "<group>";
		};
		B980CA3927879B7A001A3741 /* LaunchScreen.storyboard */ = {
			isa = PBXVariantGroup;
			children = (
				B980CA3A27879B7A001A3741 /* Base */,
			);
			name = LaunchScreen.storyboard;
			sourceTree = "<group>";
		};
/* End PBXVariantGroup section */

/* Begin XCBuildConfiguration section */
		B980CA5327879B7B001A3741 /* Debug */ = {
			isa = XCBuildConfiguration;
			buildSettings = {
				ALWAYS_SEARCH_USER_PATHS = NO;
				CLANG_ANALYZER_NONNULL = YES;
				CLANG_ANALYZER_NUMBER_OBJECT_CONVERSION = YES_AGGRESSIVE;
				CLANG_CXX_LANGUAGE_STANDARD = "gnu++17";
				CLANG_CXX_LIBRARY = "libc++";
				CLANG_ENABLE_MODULES = YES;
				CLANG_ENABLE_OBJC_ARC = YES;
				CLANG_ENABLE_OBJC_WEAK = YES;
				CLANG_WARN_BLOCK_CAPTURE_AUTORELEASING = YES;
				CLANG_WARN_BOOL_CONVERSION = YES;
				CLANG_WARN_COMMA = YES;
				CLANG_WARN_CONSTANT_CONVERSION = YES;
				CLANG_WARN_DEPRECATED_OBJC_IMPLEMENTATIONS = YES;
				CLANG_WARN_DIRECT_OBJC_ISA_USAGE = YES_ERROR;
				CLANG_WARN_DOCUMENTATION_COMMENTS = YES;
				CLANG_WARN_EMPTY_BODY = YES;
				CLANG_WARN_ENUM_CONVERSION = YES;
				CLANG_WARN_INFINITE_RECURSION = YES;
				CLANG_WARN_INT_CONVERSION = YES;
				CLANG_WARN_NON_LITERAL_NULL_CONVERSION = YES;
				CLANG_WARN_OBJC_IMPLICIT_RETAIN_SELF = YES;
				CLANG_WARN_OBJC_LITERAL_CONVERSION = YES;
				CLANG_WARN_OBJC_ROOT_CLASS = YES_ERROR;
				CLANG_WARN_QUOTED_INCLUDE_IN_FRAMEWORK_HEADER = YES;
				CLANG_WARN_RANGE_LOOP_ANALYSIS = YES;
				CLANG_WARN_STRICT_PROTOTYPES = YES;
				CLANG_WARN_SUSPICIOUS_MOVE = YES;
				CLANG_WARN_UNGUARDED_AVAILABILITY = YES_AGGRESSIVE;
				CLANG_WARN_UNREACHABLE_CODE = YES;
				CLANG_WARN__DUPLICATE_METHOD_MATCH = YES;
				COPY_PHASE_STRIP = NO;
				DEBUG_INFORMATION_FORMAT = dwarf;
				ENABLE_STRICT_OBJC_MSGSEND = YES;
				ENABLE_TESTABILITY = YES;
				GCC_C_LANGUAGE_STANDARD = gnu11;
				GCC_DYNAMIC_NO_PIC = NO;
				GCC_NO_COMMON_BLOCKS = YES;
				GCC_OPTIMIZATION_LEVEL = 0;
				GCC_PREPROCESSOR_DEFINITIONS = (
					"DEBUG=1",
					"$(inherited)",
				);
				GCC_WARN_64_TO_32_BIT_CONVERSION = YES;
				GCC_WARN_ABOUT_RETURN_TYPE = YES_ERROR;
				GCC_WARN_UNDECLARED_SELECTOR = YES;
				GCC_WARN_UNINITIALIZED_AUTOS = YES_AGGRESSIVE;
				GCC_WARN_UNUSED_FUNCTION = YES;
				GCC_WARN_UNUSED_VARIABLE = YES;
				IPHONEOS_DEPLOYMENT_TARGET = 15.0;
				MTL_ENABLE_DEBUG_INFO = INCLUDE_SOURCE;
				MTL_FAST_MATH = YES;
				ONLY_ACTIVE_ARCH = YES;
				SDKROOT = iphoneos;
				SWIFT_ACTIVE_COMPILATION_CONDITIONS = DEBUG;
				SWIFT_OPTIMIZATION_LEVEL = "-Onone";
			};
			name = Debug;
		};
		B980CA5427879B7B001A3741 /* Release */ = {
			isa = XCBuildConfiguration;
			buildSettings = {
				ALWAYS_SEARCH_USER_PATHS = NO;
				CLANG_ANALYZER_NONNULL = YES;
				CLANG_ANALYZER_NUMBER_OBJECT_CONVERSION = YES_AGGRESSIVE;
				CLANG_CXX_LANGUAGE_STANDARD = "gnu++17";
				CLANG_CXX_LIBRARY = "libc++";
				CLANG_ENABLE_MODULES = YES;
				CLANG_ENABLE_OBJC_ARC = YES;
				CLANG_ENABLE_OBJC_WEAK = YES;
				CLANG_WARN_BLOCK_CAPTURE_AUTORELEASING = YES;
				CLANG_WARN_BOOL_CONVERSION = YES;
				CLANG_WARN_COMMA = YES;
				CLANG_WARN_CONSTANT_CONVERSION = YES;
				CLANG_WARN_DEPRECATED_OBJC_IMPLEMENTATIONS = YES;
				CLANG_WARN_DIRECT_OBJC_ISA_USAGE = YES_ERROR;
				CLANG_WARN_DOCUMENTATION_COMMENTS = YES;
				CLANG_WARN_EMPTY_BODY = YES;
				CLANG_WARN_ENUM_CONVERSION = YES;
				CLANG_WARN_INFINITE_RECURSION = YES;
				CLANG_WARN_INT_CONVERSION = YES;
				CLANG_WARN_NON_LITERAL_NULL_CONVERSION = YES;
				CLANG_WARN_OBJC_IMPLICIT_RETAIN_SELF = YES;
				CLANG_WARN_OBJC_LITERAL_CONVERSION = YES;
				CLANG_WARN_OBJC_ROOT_CLASS = YES_ERROR;
				CLANG_WARN_QUOTED_INCLUDE_IN_FRAMEWORK_HEADER = YES;
				CLANG_WARN_RANGE_LOOP_ANALYSIS = YES;
				CLANG_WARN_STRICT_PROTOTYPES = YES;
				CLANG_WARN_SUSPICIOUS_MOVE = YES;
				CLANG_WARN_UNGUARDED_AVAILABILITY = YES_AGGRESSIVE;
				CLANG_WARN_UNREACHABLE_CODE = YES;
				CLANG_WARN__DUPLICATE_METHOD_MATCH = YES;
				COPY_PHASE_STRIP = NO;
				DEBUG_INFORMATION_FORMAT = "dwarf-with-dsym";
				ENABLE_NS_ASSERTIONS = NO;
				ENABLE_STRICT_OBJC_MSGSEND = YES;
				GCC_C_LANGUAGE_STANDARD = gnu11;
				GCC_NO_COMMON_BLOCKS = YES;
				GCC_WARN_64_TO_32_BIT_CONVERSION = YES;
				GCC_WARN_ABOUT_RETURN_TYPE = YES_ERROR;
				GCC_WARN_UNDECLARED_SELECTOR = YES;
				GCC_WARN_UNINITIALIZED_AUTOS = YES_AGGRESSIVE;
				GCC_WARN_UNUSED_FUNCTION = YES;
				GCC_WARN_UNUSED_VARIABLE = YES;
				IPHONEOS_DEPLOYMENT_TARGET = 15.0;
				MTL_ENABLE_DEBUG_INFO = NO;
				MTL_FAST_MATH = YES;
				SDKROOT = iphoneos;
				SWIFT_COMPILATION_MODE = wholemodule;
				SWIFT_OPTIMIZATION_LEVEL = "-O";
				VALIDATE_PRODUCT = YES;
			};
			name = Release;
		};
		B980CA5627879B7B001A3741 /* Debug */ = {
			isa = XCBuildConfiguration;
			buildSettings = {
				ASSETCATALOG_COMPILER_APPICON_NAME = AppIcon;
				ASSETCATALOG_COMPILER_GLOBAL_ACCENT_COLOR_NAME = AccentColor;
				CODE_SIGN_STYLE = Automatic;
				CURRENT_PROJECT_VERSION = 1;
				GENERATE_INFOPLIST_FILE = YES;
				INFOPLIST_FILE = mvvm_tableview/Resources/Info.plist;
				INFOPLIST_KEY_UIApplicationSupportsIndirectInputEvents = YES;
				INFOPLIST_KEY_UILaunchStoryboardName = LaunchScreen;
				INFOPLIST_KEY_UIMainStoryboardFile = ViewController;
				INFOPLIST_KEY_UISupportedInterfaceOrientations_iPad = "UIInterfaceOrientationPortrait UIInterfaceOrientationPortraitUpsideDown UIInterfaceOrientationLandscapeLeft UIInterfaceOrientationLandscapeRight";
				INFOPLIST_KEY_UISupportedInterfaceOrientations_iPhone = "UIInterfaceOrientationPortrait UIInterfaceOrientationLandscapeLeft UIInterfaceOrientationLandscapeRight";
				LD_RUNPATH_SEARCH_PATHS = (
					"$(inherited)",
					"@executable_path/Frameworks",
				);
				MARKETING_VERSION = 1.0;
				PRODUCT_BUNDLE_IDENTIFIER = "codementor.mvvm-tableview";
				PRODUCT_NAME = "$(TARGET_NAME)";
				SWIFT_EMIT_LOC_STRINGS = YES;
				SWIFT_VERSION = 5.0;
				TARGETED_DEVICE_FAMILY = "1,2";
			};
			name = Debug;
		};
		B980CA5727879B7B001A3741 /* Release */ = {
			isa = XCBuildConfiguration;
			buildSettings = {
				ASSETCATALOG_COMPILER_APPICON_NAME = AppIcon;
				ASSETCATALOG_COMPILER_GLOBAL_ACCENT_COLOR_NAME = AccentColor;
				CODE_SIGN_STYLE = Automatic;
				CURRENT_PROJECT_VERSION = 1;
				GENERATE_INFOPLIST_FILE = YES;
				INFOPLIST_FILE = mvvm_tableview/Resources/Info.plist;
				INFOPLIST_KEY_UIApplicationSupportsIndirectInputEvents = YES;
				INFOPLIST_KEY_UILaunchStoryboardName = LaunchScreen;
				INFOPLIST_KEY_UIMainStoryboardFile = ViewController;
				INFOPLIST_KEY_UISupportedInterfaceOrientations_iPad = "UIInterfaceOrientationPortrait UIInterfaceOrientationPortraitUpsideDown UIInterfaceOrientationLandscapeLeft UIInterfaceOrientationLandscapeRight";
				INFOPLIST_KEY_UISupportedInterfaceOrientations_iPhone = "UIInterfaceOrientationPortrait UIInterfaceOrientationLandscapeLeft UIInterfaceOrientationLandscapeRight";
				LD_RUNPATH_SEARCH_PATHS = (
					"$(inherited)",
					"@executable_path/Frameworks",
				);
				MARKETING_VERSION = 1.0;
				PRODUCT_BUNDLE_IDENTIFIER = "codementor.mvvm-tableview";
				PRODUCT_NAME = "$(TARGET_NAME)";
				SWIFT_EMIT_LOC_STRINGS = YES;
				SWIFT_VERSION = 5.0;
				TARGETED_DEVICE_FAMILY = "1,2";
			};
			name = Release;
		};
		B980CA5927879B7B001A3741 /* Debug */ = {
			isa = XCBuildConfiguration;
			buildSettings = {
				ALWAYS_EMBED_SWIFT_STANDARD_LIBRARIES = YES;
				BUNDLE_LOADER = "$(TEST_HOST)";
				CODE_SIGN_STYLE = Automatic;
				CURRENT_PROJECT_VERSION = 1;
				GENERATE_INFOPLIST_FILE = YES;
				IPHONEOS_DEPLOYMENT_TARGET = 15.0;
				LD_RUNPATH_SEARCH_PATHS = (
					"$(inherited)",
					"@executable_path/Frameworks",
					"@loader_path/Frameworks",
				);
				MARKETING_VERSION = 1.0;
				PRODUCT_BUNDLE_IDENTIFIER = "codementor.mvvm-tableviewTests";
				PRODUCT_NAME = "$(TARGET_NAME)";
				SWIFT_EMIT_LOC_STRINGS = NO;
				SWIFT_VERSION = 5.0;
				TARGETED_DEVICE_FAMILY = "1,2";
				TEST_HOST = "$(BUILT_PRODUCTS_DIR)/mvvm_tableview.app/mvvm_tableview";
			};
			name = Debug;
		};
		B980CA5A27879B7B001A3741 /* Release */ = {
			isa = XCBuildConfiguration;
			buildSettings = {
				ALWAYS_EMBED_SWIFT_STANDARD_LIBRARIES = YES;
				BUNDLE_LOADER = "$(TEST_HOST)";
				CODE_SIGN_STYLE = Automatic;
				CURRENT_PROJECT_VERSION = 1;
				GENERATE_INFOPLIST_FILE = YES;
				IPHONEOS_DEPLOYMENT_TARGET = 15.0;
				LD_RUNPATH_SEARCH_PATHS = (
					"$(inherited)",
					"@executable_path/Frameworks",
					"@loader_path/Frameworks",
				);
				MARKETING_VERSION = 1.0;
				PRODUCT_BUNDLE_IDENTIFIER = "codementor.mvvm-tableviewTests";
				PRODUCT_NAME = "$(TARGET_NAME)";
				SWIFT_EMIT_LOC_STRINGS = NO;
				SWIFT_VERSION = 5.0;
				TARGETED_DEVICE_FAMILY = "1,2";
				TEST_HOST = "$(BUILT_PRODUCTS_DIR)/mvvm_tableview.app/mvvm_tableview";
			};
			name = Release;
		};
/* End XCBuildConfiguration section */

/* Begin XCConfigurationList section */
		B980CA2627879B78001A3741 /* Build configuration list for PBXProject "mvvm_tableview" */ = {
			isa = XCConfigurationList;
			buildConfigurations = (
				B980CA5327879B7B001A3741 /* Debug */,
				B980CA5427879B7B001A3741 /* Release */,
			);
			defaultConfigurationIsVisible = 0;
			defaultConfigurationName = Release;
		};
		B980CA5527879B7B001A3741 /* Build configuration list for PBXNativeTarget "mvvm_tableview" */ = {
			isa = XCConfigurationList;
			buildConfigurations = (
				B980CA5627879B7B001A3741 /* Debug */,
				B980CA5727879B7B001A3741 /* Release */,
			);
			defaultConfigurationIsVisible = 0;
			defaultConfigurationName = Release;
		};
		B980CA5827879B7B001A3741 /* Build configuration list for PBXNativeTarget "mvvm_tableviewTests" */ = {
			isa = XCConfigurationList;
			buildConfigurations = (
				B980CA5927879B7B001A3741 /* Debug */,
				B980CA5A27879B7B001A3741 /* Release */,
			);
			defaultConfigurationIsVisible = 0;
			defaultConfigurationName = Release;
		};
/* End XCConfigurationList section */
	};
	rootObject = B980CA2327879B78001A3741 /* Project object */;
}
